{
  "projects": [
    {
      "projectId": "caTPwKxj5ZrD9LQ7DMdK4Z",
      "version": "3.40.0",
      "dependencies": {},
      "lang": "ts",
      "fileLocks": [
        {
          "assetId": "caTPwKxj5ZrD9LQ7DMdK4Z",
          "type": "projectCss",
          "checksum": "1c02168c6b23256606111fdfdbb63549"
        }
      ],
      "codegenVersion": "0.0.1"
    },
    {
      "projectId": "8PtdGodUbexNYgkuyBUcWu",
      "version": "3.27.0",
      "dependencies": {},
      "lang": "ts",
      "fileLocks": [
        {
          "assetId": "8PtdGodUbexNYgkuyBUcWu",
          "type": "projectCss",
          "checksum": "9440f91b1e8169311ba244276a5922c3"
        },
        {
          "assetId": "8PtdGodUbexNYgkuyBUcWu",
          "checksum": "73535dd5df0b6752ddefce5a51e0fa5e",
          "type": "globalContexts"
        }
      ],
      "codegenVersion": "0.0.1"
    },
    {
      "projectId": "gmeH6XgPaBtkt51HunAo4g",
      "version": "18.17.0",
      "dependencies": {},
      "lang": "ts",
      "fileLocks": [
        {
          "assetId": "gmeH6XgPaBtkt51HunAo4g",
          "type": "projectCss",
          "checksum": "1c02168c6b23256606111fdfdbb63549"
        }
      ],
      "codegenVersion": "0.0.1"
    },
    {
      "projectId": "mWGTsnJ5dVA6mVazezmiar",
      "version": "latest",
      "dependencies": {
        "gmeH6XgPaBtkt51HunAo4g": "18.17.0",
        "8PtdGodUbexNYgkuyBUcWu": "3.27.0",
        "caTPwKxj5ZrD9LQ7DMdK4Z": "3.40.0"
      },
      "lang": "ts",
      "fileLocks": [
        {
          "type": "globalVariant",
          "assetId": "D0Q7eszG8w_L",
          "checksum": "d365e87a59c5f5cd63635c430021c4e4"
        },
        {
          "assetId": "mWGTsnJ5dVA6mVazezmiar",
          "type": "projectCss",
          "checksum": "4cea4d4616573eb113875dd0a17e63df"
        },
        {
          "assetId": "mWGTsnJ5dVA6mVazezmiar",
          "checksum": "3db30e65f30c440076d7dcf079b39e73",
          "type": "globalContexts"
        },
        {
          "type": "renderModule",
          "assetId": "igMZIXeMJzcU",
          "checksum": "9a24e3dce50d928364362d99d2005a66"
        },
        {
          "type": "cssRules",
          "assetId": "igMZIXeMJzcU",
          "checksum": "9a24e3dce50d928364362d99d2005a66"
        },
        {
          "type": "renderModule",
          "assetId": "eh3S0_fLZiak",
          "checksum": "eefd03da59fc1d4ff463ae1b7b589c8d"
        },
        {
          "type": "cssRules",
          "assetId": "eh3S0_fLZiak",
          "checksum": "eefd03da59fc1d4ff463ae1b7b589c8d"
        },
        {
          "type": "renderModule",
          "assetId": "bHopug-DtUDE",
          "checksum": "45829f548880f7d0679bf6a237db049a"
        },
        {
          "type": "cssRules",
          "assetId": "bHopug-DtUDE",
          "checksum": "45829f548880f7d0679bf6a237db049a"
        },
        {
          "type": "renderModule",
          "assetId": "-5-QmUqVAHnf",
          "checksum": "ba4ff7ee8dd8ddd1b18120f3d40c9556"
        },
        {
          "type": "cssRules",
          "assetId": "-5-QmUqVAHnf",
          "checksum": "ba4ff7ee8dd8ddd1b18120f3d40c9556"
        },
        {
          "type": "renderModule",
          "assetId": "xVDE94sQBVSY",
          "checksum": "2b31df4e4c2326718cca026f251d5ea4"
        },
        {
          "type": "cssRules",
          "assetId": "xVDE94sQBVSY",
          "checksum": "2b31df4e4c2326718cca026f251d5ea4"
        },
        {
          "type": "renderModule",
          "assetId": "6nnori8nUMxJ",
          "checksum": "8653646fb70e214e763db07b5455c287"
        },
        {
          "type": "cssRules",
          "assetId": "6nnori8nUMxJ",
          "checksum": "8653646fb70e214e763db07b5455c287"
        },
        {
          "type": "renderModule",
          "assetId": "bu1fRvHZ8I6S",
          "checksum": "f818ce5a488df8982cb3bbef7b9ebbd0"
        },
        {
          "type": "cssRules",
          "assetId": "bu1fRvHZ8I6S",
          "checksum": "f818ce5a488df8982cb3bbef7b9ebbd0"
        },
        {
          "type": "renderModule",
          "assetId": "NaAKL_Yfv3BT",
          "checksum": "bfd197863d5b342f9c4c3938df944073"
        },
        {
          "type": "cssRules",
          "assetId": "NaAKL_Yfv3BT",
          "checksum": "bfd197863d5b342f9c4c3938df944073"
        },
        {
          "type": "renderModule",
          "assetId": "oWqoBH6of7PW",
          "checksum": "041b0da4936e0322945eb5c0b9ff841e"
        },
        {
          "type": "cssRules",
          "assetId": "oWqoBH6of7PW",
          "checksum": "041b0da4936e0322945eb5c0b9ff841e"
        },
        {
          "type": "renderModule",
          "assetId": "hwxqgvQRlsoy",
          "checksum": "0b4a0914984fa39368bd8ed232f6ab95"
        },
        {
          "type": "cssRules",
          "assetId": "hwxqgvQRlsoy",
          "checksum": "0b4a0914984fa39368bd8ed232f6ab95"
        },
        {
          "type": "renderModule",
          "assetId": "NCqvktgE7aSR",
          "checksum": "0a17e051d0218c9fceac81c42c5a0bf1"
        },
        {
          "type": "cssRules",
          "assetId": "NCqvktgE7aSR",
          "checksum": "0a17e051d0218c9fceac81c42c5a0bf1"
        },
        {
          "type": "icon",
          "assetId": "hnbf41yXloGb",
          "checksum": "96e664204f10f6ef3c366985a03052be"
        },
        {
          "type": "icon",
          "assetId": "0O6RzVMxlk8J",
          "checksum": "878f386985d6eda829a9f99d752f2c36"
        },
        {
          "type": "image",
          "assetId": "sLhWdn_MDlZc",
          "checksum": "c6d0dafd0b34283c4fb85a6d23fd5559"
        }
      ],
      "codegenVersion": "0.0.1"
    }
  ],
  "cliVersion": "0.1.338"
}
